
Microsoft Visual Studio Solution File, Format Version 12.00
# Visual Studio Version 17
VisualStudioVersion = 17.5.33424.131
MinimumVisualStudioVersion = 10.0.40219.1
Project("{8BC9CEB8-8B4A-11D0-8D11-00A0C91BC942}") = "problemMultiWaris", "problemMultiWaris\problemMultiWaris.vcxproj", "{F665ECD0-2A8F-40CF-8B2F-0F926A125E98}"
EndProject
Project("{8BC9CEB8-8B4A-11D0-8D11-00A0C91BC942}") = "solveMultiWaris", "solveMultiWaris\solveMultiWaris.vcxproj", "{71750C99-03A5-4C21-A39A-6C809BB8967D}"
EndProject
Project("{8BC9CEB8-8B4A-11D0-8D11-00A0C91BC942}") = "Polymorphism", "Polymorphism\Polymorphism.vcxproj", "{5040243C-18AC-4B9E-B896-105EE751E02D}"
EndProject
Project("{8BC9CEB8-8B4A-11D0-8D11-00A0C91BC942}") = "programNoOverriding", "programNoOverriding\programNoOverriding.vcxproj", "{D99A63C0-B552-4E23-92C8-2560FD44E122}"
EndProject
Project("{8BC9CEB8-8B4A-11D0-8D11-00A0C91BC942}") = "ProgramNoPewarisan", "ProgramNoPewarisan\ProgramNoPewarisan.vcxproj", "{C5515765-D9F2-4F9D-957D-896849DF1AA1}"
EndProject
Project("{8BC9CEB8-8B4A-11D0-8D11-00A0C91BC942}") = "programEnkapsulasi", "programEnkapsulasi\programEnkapsulasi.vcxproj", "{D4E99EAE-6CC9-41AF-9BE5-20263A529ADD}"
EndProject
Project("{8BC9CEB8-8B4A-11D0-8D11-00A0C91BC942}") = "programAbstraksi", "programAbstraksi\programAbstraksi.vcxproj", "{643D3DE5-D47C-467D-A030-46D24FA78237}"
EndProject
Project("{8BC9CEB8-8B4A-11D0-8D11-00A0C91BC942}") = "programMultiWaris", "programMultiWaris\programMultiWaris.vcxproj", "{08D4D14C-C25F-48DA-8B66-002549833561}"
EndProject
Global
	GlobalSection(SolutionConfigurationPlatforms) = preSolution
		Debug|x64 = Debug|x64
		Debug|x86 = Debug|x86
		Release|x64 = Release|x64
		Release|x86 = Release|x86
	EndGlobalSection
	GlobalSection(ProjectConfigurationPlatforms) = postSolution
		{F665ECD0-2A8F-40CF-8B2F-0F926A125E98}.Debug|x64.ActiveCfg = Debug|x64
		{F665ECD0-2A8F-40CF-8B2F-0F926A125E98}.Debug|x64.Build.0 = Debug|x64
		{F665ECD0-2A8F-40CF-8B2F-0F926A125E98}.Debug|x86.ActiveCfg = Debug|Win32
		{F665ECD0-2A8F-40CF-8B2F-0F926A125E98}.Debug|x86.Build.0 = Debug|Win32
		{F665ECD0-2A8F-40CF-8B2F-0F926A125E98}.Release|x64.ActiveCfg = Release|x64
		{F665ECD0-2A8F-40CF-8B2F-0F926A125E98}.Release|x64.Build.0 = Release|x64
		{F665ECD0-2A8F-40CF-8B2F-0F926A125E98}.Release|x86.ActiveCfg = Release|Win32
		{F665ECD0-2A8F-40CF-8B2F-0F926A125E98}.Release|x86.Build.0 = Release|Win32
		{71750C99-03A5-4C21-A39A-6C809BB8967D}.Debug|x64.ActiveCfg = Debug|x64
		{71750C99-03A5-4C21-A39A-6C809BB8967D}.Debug|x64.Build.0 = Debug|x64
		{71750C99-03A5-4C21-A39A-6C809BB8967D}.Debug|x86.ActiveCfg = Debug|Win32
		{71750C99-03A5-4C21-A39A-6C809BB8967D}.Debug|x86.Build.0 = Debug|Win32
		{71750C99-03A5-4C21-A39A-6C809BB8967D}.Release|x64.ActiveCfg = Release|x64
		{71750C99-03A5-4C21-A39A-6C809BB8967D}.Release|x64.Build.0 = Release|x64
		{71750C99-03A5-4C21-A39A-6C809BB8967D}.Release|x86.ActiveCfg = Release|Win32
		{71750C99-03A5-4C21-A39A-6C809BB8967D}.Release|x86.Build.0 = Release|Win32
		{5040243C-18AC-4B9E-B896-105EE751E02D}.Debug|x64.ActiveCfg = Debug|x64
		{5040243C-18AC-4B9E-B896-105EE751E02D}.Debug|x64.Build.0 = Debug|x64
		{5040243C-18AC-4B9E-B896-105EE751E02D}.Debug|x86.ActiveCfg = Debug|Win32
		{5040243C-18AC-4B9E-B896-105EE751E02D}.Debug|x86.Build.0 = Debug|Win32
		{5040243C-18AC-4B9E-B896-105EE751E02D}.Release|x64.ActiveCfg = Release|x64
		{5040243C-18AC-4B9E-B896-105EE751E02D}.Release|x64.Build.0 = Release|x64
		{5040243C-18AC-4B9E-B896-105EE751E02D}.Release|x86.ActiveCfg = Release|Win32
		{5040243C-18AC-4B9E-B896-105EE751E02D}.Release|x86.Build.0 = Release|Win32
		{D99A63C0-B552-4E23-92C8-2560FD44E122}.Debug|x64.ActiveCfg = Debug|x64
		{D99A63C0-B552-4E23-92C8-2560FD44E122}.Debug|x64.Build.0 = Debug|x64
		{D99A63C0-B552-4E23-92C8-2560FD44E122}.Debug|x86.ActiveCfg = Debug|Win32
		{D99A63C0-B552-4E23-92C8-2560FD44E122}.Debug|x86.Build.0 = Debug|Win32
		{D99A63C0-B552-4E23-92C8-2560FD44E122}.Release|x64.ActiveCfg = Release|x64
		{D99A63C0-B552-4E23-92C8-2560FD44E122}.Release|x64.Build.0 = Release|x64
		{D99A63C0-B552-4E23-92C8-2560FD44E122}.Release|x86.ActiveCfg = Release|Win32
		{D99A63C0-B552-4E23-92C8-2560FD44E122}.Release|x86.Build.0 = Release|Win32
		{C5515765-D9F2-4F9D-957D-896849DF1AA1}.Debug|x64.ActiveCfg = Debug|x64
		{C5515765-D9F2-4F9D-957D-896849DF1AA1}.Debug|x64.Build.0 = Debug|x64
		{C5515765-D9F2-4F9D-957D-896849DF1AA1}.Debug|x86.ActiveCfg = Debug|Win32
		{C5515765-D9F2-4F9D-957D-896849DF1AA1}.Debug|x86.Build.0 = Debug|Win32
		{C5515765-D9F2-4F9D-957D-896849DF1AA1}.Release|x64.ActiveCfg = Release|x64
		{C5515765-D9F2-4F9D-957D-896849DF1AA1}.Release|x64.Build.0 = Release|x64
		{C5515765-D9F2-4F9D-957D-896849DF1AA1}.Release|x86.ActiveCfg = Release|Win32
		{C5515765-D9F2-4F9D-957D-896849DF1AA1}.Release|x86.Build.0 = Release|Win32
		{D4E99EAE-6CC9-41AF-9BE5-20263A529ADD}.Debug|x64.ActiveCfg = Debug|x64
		{D4E99EAE-6CC9-41AF-9BE5-20263A529ADD}.Debug|x64.Build.0 = Debug|x64
		{D4E99EAE-6CC9-41AF-9BE5-20263A529ADD}.Debug|x86.ActiveCfg = Debug|Win32
		{D4E99EAE-6CC9-41AF-9BE5-20263A529ADD}.Debug|x86.Build.0 = Debug|Win32
		{D4E99EAE-6CC9-41AF-9BE5-20263A529ADD}.Release|x64.ActiveCfg = Release|x64
		{D4E99EAE-6CC9-41AF-9BE5-20263A529ADD}.Release|x64.Build.0 = Release|x64
		{D4E99EAE-6CC9-41AF-9BE5-20263A529ADD}.Release|x86.ActiveCfg = Release|Win32
		{D4E99EAE-6CC9-41AF-9BE5-20263A529ADD}.Release|x86.Build.0 = Release|Win32
		{643D3DE5-D47C-467D-A030-46D24FA78237}.Debug|x64.ActiveCfg = Debug|x64
		{643D3DE5-D47C-467D-A030-46D24FA78237}.Debug|x64.Build.0 = Debug|x64
		{643D3DE5-D47C-467D-A030-46D24FA78237}.Debug|x86.ActiveCfg = Debug|Win32
		{643D3DE5-D47C-467D-A030-46D24FA78237}.Debug|x86.Build.0 = Debug|Win32
		{643D3DE5-D47C-467D-A030-46D24FA78237}.Release|x64.ActiveCfg = Release|x64
		{643D3DE5-D47C-467D-A030-46D24FA78237}.Release|x64.Build.0 = Release|x64
		{643D3DE5-D47C-467D-A030-46D24FA78237}.Release|x86.ActiveCfg = Release|Win32
		{643D3DE5-D47C-467D-A030-46D24FA78237}.Release|x86.Build.0 = Release|Win32
		{08D4D14C-C25F-48DA-8B66-002549833561}.Debug|x64.ActiveCfg = Debug|x64
		{08D4D14C-C25F-48DA-8B66-002549833561}.Debug|x64.Build.0 = Debug|x64
		{08D4D14C-C25F-48DA-8B66-002549833561}.Debug|x86.ActiveCfg = Debug|Win32
		{08D4D14C-C25F-48DA-8B66-002549833561}.Debug|x86.Build.0 = Debug|Win32
		{08D4D14C-C25F-48DA-8B66-002549833561}.Release|x64.ActiveCfg = Release|x64
		{08D4D14C-C25F-48DA-8B66-002549833561}.Release|x64.Build.0 = Release|x64
		{08D4D14C-C25F-48DA-8B66-002549833561}.Release|x86.ActiveCfg = Release|Win32
		{08D4D14C-C25F-48DA-8B66-002549833561}.Release|x86.Build.0 = Release|Win32
	EndGlobalSection
	GlobalSection(SolutionProperties) = preSolution
		HideSolutionNode = FALSE
	EndGlobalSection
	GlobalSection(ExtensibilityGlobals) = postSolution
		SolutionGuid = {DB00FC9A-4C1A-4DFD-A21D-3AD0A8C517BA}
	EndGlobalSection
EndGlobal
